// !$*UTF8*$!
{
	archiveVersion = 1;
	classes = {
	};
	objectVersion = 46;
	objects = {

/* Begin PBXBuildFile section */
		598B74B1A93C2AC8C9BA48EF /* Pods_Cartly.framework in Frameworks */ = {isa = PBXBuildFile; fileRef = 334DA6E9180F75D217550972 /* Pods_Cartly.framework */; };
		DB310BAD1DAC9F6000A97BC5 /* AppDelegate.swift in Sources */ = {isa = PBXBuildFile; fileRef = DB310BAC1DAC9F6000A97BC5 /* AppDelegate.swift */; };
		DB310BAF1DAC9F6000A97BC5 /* MapViewController.swift in Sources */ = {isa = PBXBuildFile; fileRef = DB310BAE1DAC9F6000A97BC5 /* MapViewController.swift */; };
		DB310BB21DAC9F6000A97BC5 /* Main.storyboard in Resources */ = {isa = PBXBuildFile; fileRef = DB310BB01DAC9F6000A97BC5 /* Main.storyboard */; };
		DB310BB51DAC9F6000A97BC5 /* Cartly.xcdatamodeld in Sources */ = {isa = PBXBuildFile; fileRef = DB310BB31DAC9F6000A97BC5 /* Cartly.xcdatamodeld */; };
		DB310BB71DAC9F6000A97BC5 /* Assets.xcassets in Resources */ = {isa = PBXBuildFile; fileRef = DB310BB61DAC9F6000A97BC5 /* Assets.xcassets */; };
		DB310BBA1DAC9F6000A97BC5 /* LaunchScreen.storyboard in Resources */ = {isa = PBXBuildFile; fileRef = DB310BB81DAC9F6000A97BC5 /* LaunchScreen.storyboard */; };
		DB310BC31DACB35E00A97BC5 /* MapKit.framework in Frameworks */ = {isa = PBXBuildFile; fileRef = DB310BC21DACB35D00A97BC5 /* MapKit.framework */; };
		DB310BC51DACD23C00A97BC5 /* ViewController.swift in Sources */ = {isa = PBXBuildFile; fileRef = DB310BC41DACD23C00A97BC5 /* ViewController.swift */; };
		DB550D421E67EA41005B51DF /* StopAnnotation.swift in Sources */ = {isa = PBXBuildFile; fileRef = DB550D411E67EA41005B51DF /* StopAnnotation.swift */; };
		DB550D451E67EBAA005B51DF /* Stop.xib in Resources */ = {isa = PBXBuildFile; fileRef = DB550D441E67EBAA005B51DF /* Stop.xib */; };
		DB550D471E67EBC4005B51DF /* Stop.swift in Sources */ = {isa = PBXBuildFile; fileRef = DB550D461E67EBC4005B51DF /* Stop.swift */; };
		DB550D491E6889AB005B51DF /* Constants.swift in Sources */ = {isa = PBXBuildFile; fileRef = DB550D481E6889AB005B51DF /* Constants.swift */; };
		DBC84B8D1DD156FA0099492B /* PickupLocations.swift in Sources */ = {isa = PBXBuildFile; fileRef = DBC84B8C1DD156FA0099492B /* PickupLocations.swift */; };
		DBEE9F191DF3ECCE004248D9 /* LoginViewController.swift in Sources */ = {isa = PBXBuildFile; fileRef = DBEE9F181DF3ECCE004248D9 /* LoginViewController.swift */; };
		DBEE9F1D1DF3FA42004248D9 /* GoogleService-Info.plist in Resources */ = {isa = PBXBuildFile; fileRef = DBEE9F1C1DF3FA42004248D9 /* GoogleService-Info.plist */; };
/* End PBXBuildFile section */

/* Begin PBXFileReference section */
		334DA6E9180F75D217550972 /* Pods_Cartly.framework */ = {isa = PBXFileReference; explicitFileType = wrapper.framework; includeInIndex = 0; path = Pods_Cartly.framework; sourceTree = BUILT_PRODUCTS_DIR; };
		4457695484B78CDDBF96B611 /* Pods-Cartly.debug.xcconfig */ = {isa = PBXFileReference; includeInIndex = 1; lastKnownFileType = text.xcconfig; name = "Pods-Cartly.debug.xcconfig"; path = "Pods/Target Support Files/Pods-Cartly/Pods-Cartly.debug.xcconfig"; sourceTree = "<group>"; };
		A84CC49BC56564372AB37F24 /* Pods-Cartly.release.xcconfig */ = {isa = PBXFileReference; includeInIndex = 1; lastKnownFileType = text.xcconfig; name = "Pods-Cartly.release.xcconfig"; path = "Pods/Target Support Files/Pods-Cartly/Pods-Cartly.release.xcconfig"; sourceTree = "<group>"; };
		DB310BA91DAC9F6000A97BC5 /* Cartly.app */ = {isa = PBXFileReference; explicitFileType = wrapper.application; includeInIndex = 0; path = Cartly.app; sourceTree = BUILT_PRODUCTS_DIR; };
		DB310BAC1DAC9F6000A97BC5 /* AppDelegate.swift */ = {isa = PBXFileReference; lastKnownFileType = sourcecode.swift; path = AppDelegate.swift; sourceTree = "<group>"; };
		DB310BAE1DAC9F6000A97BC5 /* MapViewController.swift */ = {isa = PBXFileReference; lastKnownFileType = sourcecode.swift; path = MapViewController.swift; sourceTree = "<group>"; };
		DB310BB11DAC9F6000A97BC5 /* Base */ = {isa = PBXFileReference; lastKnownFileType = file.storyboard; name = Base; path = Base.lproj/Main.storyboard; sourceTree = "<group>"; };
		DB310BB41DAC9F6000A97BC5 /* Cartly.xcdatamodel */ = {isa = PBXFileReference; lastKnownFileType = wrapper.xcdatamodel; path = Cartly.xcdatamodel; sourceTree = "<group>"; };
		DB310BB61DAC9F6000A97BC5 /* Assets.xcassets */ = {isa = PBXFileReference; lastKnownFileType = folder.assetcatalog; path = Assets.xcassets; sourceTree = "<group>"; };
		DB310BB91DAC9F6000A97BC5 /* Base */ = {isa = PBXFileReference; lastKnownFileType = file.storyboard; name = Base; path = Base.lproj/LaunchScreen.storyboard; sourceTree = "<group>"; };
		DB310BBB1DAC9F6000A97BC5 /* Info.plist */ = {isa = PBXFileReference; lastKnownFileType = text.plist.xml; path = Info.plist; sourceTree = "<group>"; };
		DB310BC21DACB35D00A97BC5 /* MapKit.framework */ = {isa = PBXFileReference; lastKnownFileType = wrapper.framework; name = MapKit.framework; path = System/Library/Frameworks/MapKit.framework; sourceTree = SDKROOT; };
		DB310BC41DACD23C00A97BC5 /* ViewController.swift */ = {isa = PBXFileReference; fileEncoding = 4; lastKnownFileType = sourcecode.swift; path = ViewController.swift; sourceTree = "<group>"; };
		DB550D411E67EA41005B51DF /* StopAnnotation.swift */ = {isa = PBXFileReference; fileEncoding = 4; lastKnownFileType = sourcecode.swift; path = StopAnnotation.swift; sourceTree = "<group>"; };
		DB550D441E67EBAA005B51DF /* Stop.xib */ = {isa = PBXFileReference; fileEncoding = 4; lastKnownFileType = file.xib; path = Stop.xib; sourceTree = "<group>"; };
		DB550D461E67EBC4005B51DF /* Stop.swift */ = {isa = PBXFileReference; fileEncoding = 4; lastKnownFileType = sourcecode.swift; path = Stop.swift; sourceTree = "<group>"; };
		DB550D481E6889AB005B51DF /* Constants.swift */ = {isa = PBXFileReference; fileEncoding = 4; lastKnownFileType = sourcecode.swift; path = Constants.swift; sourceTree = "<group>"; };
		DBC84B8C1DD156FA0099492B /* PickupLocations.swift */ = {isa = PBXFileReference; fileEncoding = 4; lastKnownFileType = sourcecode.swift; path = PickupLocations.swift; sourceTree = "<group>"; };
		DBEE9F181DF3ECCE004248D9 /* LoginViewController.swift */ = {isa = PBXFileReference; fileEncoding = 4; lastKnownFileType = sourcecode.swift; path = LoginViewController.swift; sourceTree = "<group>"; };
		DBEE9F1C1DF3FA42004248D9 /* GoogleService-Info.plist */ = {isa = PBXFileReference; fileEncoding = 4; lastKnownFileType = text.plist.xml; path = "GoogleService-Info.plist"; sourceTree = "<group>"; };
/* End PBXFileReference section */

/* Begin PBXFrameworksBuildPhase section */
		DB310BA61DAC9F6000A97BC5 /* Frameworks */ = {
			isa = PBXFrameworksBuildPhase;
			buildActionMask = 2147483647;
			files = (
				DB310BC31DACB35E00A97BC5 /* MapKit.framework in Frameworks */,
				598B74B1A93C2AC8C9BA48EF /* Pods_Cartly.framework in Frameworks */,
			);
			runOnlyForDeploymentPostprocessing = 0;
		};
/* End PBXFrameworksBuildPhase section */

/* Begin PBXGroup section */
		6F15FC1747C5BA020091FCCE /* Pods */ = {
			isa = PBXGroup;
			children = (
				4457695484B78CDDBF96B611 /* Pods-Cartly.debug.xcconfig */,
				A84CC49BC56564372AB37F24 /* Pods-Cartly.release.xcconfig */,
			);
			name = Pods;
			sourceTree = "<group>";
		};
		DB1A4C301DB2D85200BE71E3 /* Models */ = {
			isa = PBXGroup;
			children = (
				DBC84B8C1DD156FA0099492B /* PickupLocations.swift */,
				DB550D411E67EA41005B51DF /* StopAnnotation.swift */,
				DB550D481E6889AB005B51DF /* Constants.swift */,
			);
			name = Models;
			sourceTree = "<group>";
		};
		DB1A4C311DB2D86000BE71E3 /* Controllers */ = {
			isa = PBXGroup;
			children = (
				DB310BC41DACD23C00A97BC5 /* ViewController.swift */,
				DB310BAE1DAC9F6000A97BC5 /* MapViewController.swift */,
				DBEE9F181DF3ECCE004248D9 /* LoginViewController.swift */,
			);
			name = Controllers;
			sourceTree = "<group>";
		};
		DB310BA01DAC9F6000A97BC5 = {
			isa = PBXGroup;
			children = (
				DBEE9F1C1DF3FA42004248D9 /* GoogleService-Info.plist */,
				DB310BAB1DAC9F6000A97BC5 /* Cartly */,
				DB310BAA1DAC9F6000A97BC5 /* Products */,
				DB310BC11DACB35D00A97BC5 /* Frameworks */,
				6F15FC1747C5BA020091FCCE /* Pods */,
			);
			sourceTree = "<group>";
		};
		DB310BAA1DAC9F6000A97BC5 /* Products */ = {
			isa = PBXGroup;
			children = (
				DB310BA91DAC9F6000A97BC5 /* Cartly.app */,
			);
			name = Products;
			sourceTree = "<group>";
		};
		DB310BAB1DAC9F6000A97BC5 /* Cartly */ = {
			isa = PBXGroup;
			children = (
				DB550D431E67EB85005B51DF /* Views */,
				DB1A4C311DB2D86000BE71E3 /* Controllers */,
				DB1A4C301DB2D85200BE71E3 /* Models */,
				DB310BB01DAC9F6000A97BC5 /* Main.storyboard */,
				DB310BB61DAC9F6000A97BC5 /* Assets.xcassets */,
				DB310BB81DAC9F6000A97BC5 /* LaunchScreen.storyboard */,
				DB310BBB1DAC9F6000A97BC5 /* Info.plist */,
				DB310BB31DAC9F6000A97BC5 /* Cartly.xcdatamodeld */,
				DB310BAC1DAC9F6000A97BC5 /* AppDelegate.swift */,
			);
			path = Cartly;
			sourceTree = "<group>";
		};
		DB310BC11DACB35D00A97BC5 /* Frameworks */ = {
			isa = PBXGroup;
			children = (
				DB310BC21DACB35D00A97BC5 /* MapKit.framework */,
				334DA6E9180F75D217550972 /* Pods_Cartly.framework */,
			);
			name = Frameworks;
			sourceTree = "<group>";
		};
		DB550D431E67EB85005B51DF /* Views */ = {
			isa = PBXGroup;
			children = (
				DB550D441E67EBAA005B51DF /* Stop.xib */,
				DB550D461E67EBC4005B51DF /* Stop.swift */,
			);
			name = Views;
			sourceTree = "<group>";
		};
/* End PBXGroup section */

/* Begin PBXNativeTarget section */
		DB310BA81DAC9F6000A97BC5 /* Cartly */ = {
			isa = PBXNativeTarget;
			buildConfigurationList = DB310BBE1DAC9F6000A97BC5 /* Build configuration list for PBXNativeTarget "Cartly" */;
			buildPhases = (
				063339942941320238EE6AD3 /* [CP] Check Pods Manifest.lock */,
				DB310BA51DAC9F6000A97BC5 /* Sources */,
				DB310BA61DAC9F6000A97BC5 /* Frameworks */,
				DB310BA71DAC9F6000A97BC5 /* Resources */,
				133E5EC5E7AB00D109CCFD4F /* [CP] Embed Pods Frameworks */,
				18D7FD76BA64C787013AD36A /* [CP] Copy Pods Resources */,
			);
			buildRules = (
			);
			dependencies = (
			);
			name = Cartly;
			productName = Cartly;
			productReference = DB310BA91DAC9F6000A97BC5 /* Cartly.app */;
			productType = "com.apple.product-type.application";
		};
/* End PBXNativeTarget section */

/* Begin PBXProject section */
		DB310BA11DAC9F6000A97BC5 /* Project object */ = {
			isa = PBXProject;
			attributes = {
				LastSwiftUpdateCheck = 0800;
				LastUpgradeCheck = 0800;
				ORGANIZATIONNAME = "Revenge Apps Inc.";
				TargetAttributes = {
					DB310BA81DAC9F6000A97BC5 = {
						CreatedOnToolsVersion = 8.0;
						DevelopmentTeam = YZS2NL8HM4;
						ProvisioningStyle = Automatic;
					};
				};
			};
			buildConfigurationList = DB310BA41DAC9F6000A97BC5 /* Build configuration list for PBXProject "Cartly" */;
			compatibilityVersion = "Xcode 3.2";
			developmentRegion = English;
			hasScannedForEncodings = 0;
			knownRegions = (
				en,
				Base,
			);
			mainGroup = DB310BA01DAC9F6000A97BC5;
			productRefGroup = DB310BAA1DAC9F6000A97BC5 /* Products */;
			projectDirPath = "";
			projectRoot = "";
			targets = (
				DB310BA81DAC9F6000A97BC5 /* Cartly */,
			);
		};
/* End PBXProject section */

/* Begin PBXResourcesBuildPhase section */
		DB310BA71DAC9F6000A97BC5 /* Resources */ = {
			isa = PBXResourcesBuildPhase;
			buildActionMask = 2147483647;
			files = (
				DB310BBA1DAC9F6000A97BC5 /* LaunchScreen.storyboard in Resources */,
				DB550D451E67EBAA005B51DF /* Stop.xib in Resources */,
				DBEE9F1D1DF3FA42004248D9 /* GoogleService-Info.plist in Resources */,
				DB310BB71DAC9F6000A97BC5 /* Assets.xcassets in Resources */,
				DB310BB21DAC9F6000A97BC5 /* Main.storyboard in Resources */,
			);
			runOnlyForDeploymentPostprocessing = 0;
		};
/* End PBXResourcesBuildPhase section */

/* Begin PBXShellScriptBuildPhase section */
		063339942941320238EE6AD3 /* [CP] Check Pods Manifest.lock */ = {
			isa = PBXShellScriptBuildPhase;
			buildActionMask = 2147483647;
			files = (
			);
			inputPaths = (
			);
			name = "[CP] Check Pods Manifest.lock";
			outputPaths = (
			);
			runOnlyForDeploymentPostprocessing = 0;
			shellPath = /bin/sh;
			shellScript = "diff \"${PODS_ROOT}/../Podfile.lock\" \"${PODS_ROOT}/Manifest.lock\" > /dev/null\nif [[ $? != 0 ]] ; then\n    cat << EOM\nerror: The sandbox is not in sync with the Podfile.lock. Run 'pod install' or update your CocoaPods installation.\nEOM\n    exit 1\nfi\n";
			showEnvVarsInLog = 0;
		};
		133E5EC5E7AB00D109CCFD4F /* [CP] Embed Pods Frameworks */ = {
			isa = PBXShellScriptBuildPhase;
			buildActionMask = 2147483647;
			files = (
			);
			inputPaths = (
			);
			name = "[CP] Embed Pods Frameworks";
			outputPaths = (
			);
			runOnlyForDeploymentPostprocessing = 0;
			shellPath = /bin/sh;
			shellScript = "\"${SRCROOT}/Pods/Target Support Files/Pods-Cartly/Pods-Cartly-frameworks.sh\"\n";
			showEnvVarsInLog = 0;
		};
		18D7FD76BA64C787013AD36A /* [CP] Copy Pods Resources */ = {
			isa = PBXShellScriptBuildPhase;
			buildActionMask = 2147483647;
			files = (
			);
			inputPaths = (
			);
			name = "[CP] Copy Pods Resources";
			outputPaths = (
			);
			runOnlyForDeploymentPostprocessing = 0;
			shellPath = /bin/sh;
			shellScript = "\"${SRCROOT}/Pods/Target Support Files/Pods-Cartly/Pods-Cartly-resources.sh\"\n";
			showEnvVarsInLog = 0;
		};
/* End PBXShellScriptBuildPhase section */

/* Begin PBXSourcesBuildPhase section */
		DB310BA51DAC9F6000A97BC5 /* Sources */ = {
			isa = PBXSourcesBuildPhase;
			buildActionMask = 2147483647;
			files = (
				DBEE9F191DF3ECCE004248D9 /* LoginViewController.swift in Sources */,
				DB550D421E67EA41005B51DF /* StopAnnotation.swift in Sources */,
				DBC84B8D1DD156FA0099492B /* PickupLocations.swift in Sources */,
				DB550D471E67EBC4005B51DF /* Stop.swift in Sources */,
				DB310BAF1DAC9F6000A97BC5 /* MapViewController.swift in Sources */,
				DB310BAD1DAC9F6000A97BC5 /* AppDelegate.swift in Sources */,
				DB310BC51DACD23C00A97BC5 /* ViewController.swift in Sources */,
				DB310BB51DAC9F6000A97BC5 /* Cartly.xcdatamodeld in Sources */,
				DB550D491E6889AB005B51DF /* Constants.swift in Sources */,
			);
			runOnlyForDeploymentPostprocessing = 0;
		};
/* End PBXSourcesBuildPhase section */

/* Begin PBXVariantGroup section */
		DB310BB01DAC9F6000A97BC5 /* Main.storyboard */ = {
			isa = PBXVariantGroup;
			children = (
				DB310BB11DAC9F6000A97BC5 /* Base */,
			);
			name = Main.storyboard;
			sourceTree = "<group>";
		};
		DB310BB81DAC9F6000A97BC5 /* LaunchScreen.storyboard */ = {
			isa = PBXVariantGroup;
			children = (
				DB310BB91DAC9F6000A97BC5 /* Base */,
			);
			name = LaunchScreen.storyboard;
			sourceTree = "<group>";
		};
/* End PBXVariantGroup section */

/* Begin XCBuildConfiguration section */
		DB310BBC1DAC9F6000A97BC5 /* Debug */ = {
			isa = XCBuildConfiguration;
			buildSettings = {
				ALWAYS_SEARCH_USER_PATHS = NO;
				CLANG_ANALYZER_NONNULL = YES;
				CLANG_CXX_LANGUAGE_STANDARD = "gnu++0x";
				CLANG_CXX_LIBRARY = "libc++";
				CLANG_ENABLE_MODULES = YES;
				CLANG_ENABLE_OBJC_ARC = YES;
				CLANG_WARN_BOOL_CONVERSION = YES;
				CLANG_WARN_CONSTANT_CONVERSION = YES;
				CLANG_WARN_DIRECT_OBJC_ISA_USAGE = YES_ERROR;
				CLANG_WARN_DOCUMENTATION_COMMENTS = YES;
				CLANG_WARN_EMPTY_BODY = YES;
				CLANG_WARN_ENUM_CONVERSION = YES;
				CLANG_WARN_INFINITE_RECURSION = YES;
				CLANG_WARN_INT_CONVERSION = YES;
				CLANG_WARN_OBJC_ROOT_CLASS = YES_ERROR;
				CLANG_WARN_SUSPICIOUS_MOVES = YES;
				CLANG_WARN_UNREACHABLE_CODE = YES;
				CLANG_WARN__DUPLICATE_METHOD_MATCH = YES;
				"CODE_SIGN_IDENTITY[sdk=iphoneos*]" = "iPhone Developer";
				COPY_PHASE_STRIP = NO;
				DEBUG_INFORMATION_FORMAT = dwarf;
				ENABLE_STRICT_OBJC_MSGSEND = YES;
				ENABLE_TESTABILITY = YES;
				GCC_C_LANGUAGE_STANDARD = gnu99;
				GCC_DYNAMIC_NO_PIC = NO;
				GCC_NO_COMMON_BLOCKS = YES;
				GCC_OPTIMIZATION_LEVEL = 0;
				GCC_PREPROCESSOR_DEFINITIONS = (
					"DEBUG=1",
					"$(inherited)",
				);
				GCC_WARN_64_TO_32_BIT_CONVERSION = YES;
				GCC_WARN_ABOUT_RETURN_TYPE = YES_ERROR;
				GCC_WARN_UNDECLARED_SELECTOR = YES;
				GCC_WARN_UNINITIALIZED_AUTOS = YES_AGGRESSIVE;
				GCC_WARN_UNUSED_FUNCTION = YES;
				GCC_WARN_UNUSED_VARIABLE = YES;
				IPHONEOS_DEPLOYMENT_TARGET = 10.0;
				MTL_ENABLE_DEBUG_INFO = YES;
				ONLY_ACTIVE_ARCH = YES;
				SDKROOT = iphoneos;
				SWIFT_ACTIVE_COMPILATION_CONDITIONS = DEBUG;
				SWIFT_OPTIMIZATION_LEVEL = "-Onone";
			};
			name = Debug;
		};
		DB310BBD1DAC9F6000A97BC5 /* Release */ = {
			isa = XCBuildConfiguration;
			buildSettings = {
				ALWAYS_SEARCH_USER_PATHS = NO;
				CLANG_ANALYZER_NONNULL = YES;
				CLANG_CXX_LANGUAGE_STANDARD = "gnu++0x";
				CLANG_CXX_LIBRARY = "libc++";
				CLANG_ENABLE_MODULES = YES;
				CLANG_ENABLE_OBJC_ARC = YES;
				CLANG_WARN_BOOL_CONVERSION = YES;
				CLANG_WARN_CONSTANT_CONVERSION = YES;
				CLANG_WARN_DIRECT_OBJC_ISA_USAGE = YES_ERROR;
				CLANG_WARN_DOCUMENTATION_COMMENTS = YES;
				CLANG_WARN_EMPTY_BODY = YES;
				CLANG_WARN_ENUM_CONVERSION = YES;
				CLANG_WARN_INFINITE_RECURSION = YES;
				CLANG_WARN_INT_CONVERSION = YES;
				CLANG_WARN_OBJC_ROOT_CLASS = YES_ERROR;
				CLANG_WARN_SUSPICIOUS_MOVES = YES;
				CLANG_WARN_UNREACHABLE_CODE = YES;
				CLANG_WARN__DUPLICATE_METHOD_MATCH = YES;
				"CODE_SIGN_IDENTITY[sdk=iphoneos*]" = "iPhone Developer";
				COPY_PHASE_STRIP = NO;
				DEBUG_INFORMATION_FORMAT = "dwarf-with-dsym";
				ENABLE_NS_ASSERTIONS = NO;
				ENABLE_STRICT_OBJC_MSGSEND = YES;
				GCC_C_LANGUAGE_STANDARD = gnu99;
				GCC_NO_COMMON_BLOCKS = YES;
				GCC_WARN_64_TO_32_BIT_CONVERSION = YES;
				GCC_WARN_ABOUT_RETURN_TYPE = YES_ERROR;
				GCC_WARN_UNDECLARED_SELECTOR = YES;
				GCC_WARN_UNINITIALIZED_AUTOS = YES_AGGRESSIVE;
				GCC_WARN_UNUSED_FUNCTION = YES;
				GCC_WARN_UNUSED_VARIABLE = YES;
				IPHONEOS_DEPLOYMENT_TARGET = 10.0;
				MTL_ENABLE_DEBUG_INFO = NO;
				SDKROOT = iphoneos;
				SWIFT_OPTIMIZATION_LEVEL = "-Owholemodule";
				VALIDATE_PRODUCT = YES;
			};
			name = Release;
		};
		DB310BBF1DAC9F6000A97BC5 /* Debug */ = {
			isa = XCBuildConfiguration;
			baseConfigurationReference = 4457695484B78CDDBF96B611 /* Pods-Cartly.debug.xcconfig */;
			buildSettings = {
				ASSETCATALOG_COMPILER_APPICON_NAME = AppIcon;
				DEVELOPMENT_TEAM = YZS2NL8HM4;
				INFOPLIST_FILE = Cartly/Info.plist;
				LD_RUNPATH_SEARCH_PATHS = "$(inherited) @executable_path/Frameworks";
				PRODUCT_BUNDLE_IDENTIFIER = "Revenge-Apps-Inc.Cartly";
				PRODUCT_NAME = "$(TARGET_NAME)";
				SWIFT_VERSION = 3.0;
			};
			name = Debug;
		};
		DB310BC01DAC9F6000A97BC5 /* Release */ = {
			isa = XCBuildConfiguration;
			baseConfigurationReference = A84CC49BC56564372AB37F24 /* Pods-Cartly.release.xcconfig */;
			buildSettings = {
				ASSETCATALOG_COMPILER_APPICON_NAME = AppIcon;
				DEVELOPMENT_TEAM = YZS2NL8HM4;
				INFOPLIST_FILE = Cartly/Info.plist;
				LD_RUNPATH_SEARCH_PATHS = "$(inherited) @executable_path/Frameworks";
				PRODUCT_BUNDLE_IDENTIFIER = "Revenge-Apps-Inc.Cartly";
				PRODUCT_NAME = "$(TARGET_NAME)";
				SWIFT_VERSION = 3.0;
			};
			name = Release;
		};
/* End XCBuildConfiguration section */

/* Begin XCConfigurationList section */
		DB310BA41DAC9F6000A97BC5 /* Build configuration list for PBXProject "Cartly" */ = {
			isa = XCConfigurationList;
			buildConfigurations = (
				DB310BBC1DAC9F6000A97BC5 /* Debug */,
				DB310BBD1DAC9F6000A97BC5 /* Release */,
			);
			defaultConfigurationIsVisible = 0;
			defaultConfigurationName = Release;
		};
		DB310BBE1DAC9F6000A97BC5 /* Build configuration list for PBXNativeTarget "Cartly" */ = {
			isa = XCConfigurationList;
			buildConfigurations = (
				DB310BBF1DAC9F6000A97BC5 /* Debug */,
				DB310BC01DAC9F6000A97BC5 /* Release */,
			);
			defaultConfigurationIsVisible = 0;
			defaultConfigurationName = Release;
		};
/* End XCConfigurationList section */

/* Begin XCVersionGroup section */
		DB310BB31DAC9F6000A97BC5 /* Cartly.xcdatamodeld */ = {
			isa = XCVersionGroup;
			children = (
				DB310BB41DAC9F6000A97BC5 /* Cartly.xcdatamodel */,
			);
			currentVersion = DB310BB41DAC9F6000A97BC5 /* Cartly.xcdatamodel */;
			path = Cartly.xcdatamodeld;
			sourceTree = "<group>";
			versionGroupType = wrapper.xcdatamodel;
		};
/* End XCVersionGroup section */
	};
	rootObject = DB310BA11DAC9F6000A97BC5 /* Project object */;
}
